// !$*UTF8*$!
{
	archiveVersion = 1;
	classes = {
	};
	objectVersion = 51;
	objects = {

/* Begin PBXBuildFile section */
		2F0F9059236FF1640091E3FD /* AppDelegate.m in Sources */ = {isa = PBXBuildFile; fileRef = 2F0F9058236FF1640091E3FD /* AppDelegate.m */; };
		2F0F905C236FF1640091E3FD /* SceneDelegate.m in Sources */ = {isa = PBXBuildFile; fileRef = 2F0F905B236FF1640091E3FD /* SceneDelegate.m */; };
		2F0F905F236FF1640091E3FD /* ViewController.m in Sources */ = {isa = PBXBuildFile; fileRef = 2F0F905E236FF1640091E3FD /* ViewController.m */; };
		2F0F9062236FF1640091E3FD /* Main.storyboard in Resources */ = {isa = PBXBuildFile; fileRef = 2F0F9060236FF1640091E3FD /* Main.storyboard */; };
		2F0F9064236FF1650091E3FD /* Assets.xcassets in Resources */ = {isa = PBXBuildFile; fileRef = 2F0F9063236FF1650091E3FD /* Assets.xcassets */; };
		2F0F9067236FF1650091E3FD /* LaunchScreen.storyboard in Resources */ = {isa = PBXBuildFile; fileRef = 2F0F9065236FF1650091E3FD /* LaunchScreen.storyboard */; };
		2F0F906A236FF1650091E3FD /* main.m in Sources */ = {isa = PBXBuildFile; fileRef = 2F0F9069236FF1650091E3FD /* main.m */; };
		2F0F9074236FF1650091E3FD /* D_CategoryTests.m in Sources */ = {isa = PBXBuildFile; fileRef = 2F0F9073236FF1650091E3FD /* D_CategoryTests.m */; };
		2F0F907F236FF1650091E3FD /* D_CategoryUITests.m in Sources */ = {isa = PBXBuildFile; fileRef = 2F0F907E236FF1650091E3FD /* D_CategoryUITests.m */; };
		2F0F908F236FF2D00091E3FD /* CTMediator+B.m in Sources */ = {isa = PBXBuildFile; fileRef = 2F0F908E236FF2D00091E3FD /* CTMediator+B.m */; };
		C2311D8A1B0D11FF280326B6 /* Pods_D_Category.framework in Frameworks */ = {isa = PBXBuildFile; fileRef = 4808A5BB7087AB48FB2E0818 /* Pods_D_Category.framework */; };
/* End PBXBuildFile section */

/* Begin PBXContainerItemProxy section */
		2F0F9070236FF1650091E3FD /* PBXContainerItemProxy */ = {
			isa = PBXContainerItemProxy;
			containerPortal = 2F0F904C236FF1640091E3FD /* Project object */;
			proxyType = 1;
			remoteGlobalIDString = 2F0F9053236FF1640091E3FD;
			remoteInfo = D_Category;
		};
		2F0F907B236FF1650091E3FD /* PBXContainerItemProxy */ = {
			isa = PBXContainerItemProxy;
			containerPortal = 2F0F904C236FF1640091E3FD /* Project object */;
			proxyType = 1;
			remoteGlobalIDString = 2F0F9053236FF1640091E3FD;
			remoteInfo = D_Category;
		};
/* End PBXContainerItemProxy section */

/* Begin PBXFileReference section */
		2F0F9054236FF1640091E3FD /* D_Category.app */ = {isa = PBXFileReference; explicitFileType = wrapper.application; includeInIndex = 0; path = D_Category.app; sourceTree = BUILT_PRODUCTS_DIR; };
		2F0F9057236FF1640091E3FD /* AppDelegate.h */ = {isa = PBXFileReference; lastKnownFileType = sourcecode.c.h; path = AppDelegate.h; sourceTree = "<group>"; };
		2F0F9058236FF1640091E3FD /* AppDelegate.m */ = {isa = PBXFileReference; lastKnownFileType = sourcecode.c.objc; path = AppDelegate.m; sourceTree = "<group>"; };
		2F0F905A236FF1640091E3FD /* SceneDelegate.h */ = {isa = PBXFileReference; lastKnownFileType = sourcecode.c.h; path = SceneDelegate.h; sourceTree = "<group>"; };
		2F0F905B236FF1640091E3FD /* SceneDelegate.m */ = {isa = PBXFileReference; lastKnownFileType = sourcecode.c.objc; path = SceneDelegate.m; sourceTree = "<group>"; };
		2F0F905D236FF1640091E3FD /* ViewController.h */ = {isa = PBXFileReference; lastKnownFileType = sourcecode.c.h; path = ViewController.h; sourceTree = "<group>"; };
		2F0F905E236FF1640091E3FD /* ViewController.m */ = {isa = PBXFileReference; lastKnownFileType = sourcecode.c.objc; path = ViewController.m; sourceTree = "<group>"; };
		2F0F9061236FF1640091E3FD /* Base */ = {isa = PBXFileReference; lastKnownFileType = file.storyboard; name = Base; path = Base.lproj/Main.storyboard; sourceTree = "<group>"; };
		2F0F9063236FF1650091E3FD /* Assets.xcassets */ = {isa = PBXFileReference; lastKnownFileType = folder.assetcatalog; path = Assets.xcassets; sourceTree = "<group>"; };
		2F0F9066236FF1650091E3FD /* Base */ = {isa = PBXFileReference; lastKnownFileType = file.storyboard; name = Base; path = Base.lproj/LaunchScreen.storyboard; sourceTree = "<group>"; };
		2F0F9068236FF1650091E3FD /* Info.plist */ = {isa = PBXFileReference; lastKnownFileType = text.plist.xml; path = Info.plist; sourceTree = "<group>"; };
		2F0F9069236FF1650091E3FD /* main.m */ = {isa = PBXFileReference; lastKnownFileType = sourcecode.c.objc; path = main.m; sourceTree = "<group>"; };
		2F0F906F236FF1650091E3FD /* D_CategoryTests.xctest */ = {isa = PBXFileReference; explicitFileType = wrapper.cfbundle; includeInIndex = 0; path = D_CategoryTests.xctest; sourceTree = BUILT_PRODUCTS_DIR; };
		2F0F9073236FF1650091E3FD /* D_CategoryTests.m */ = {isa = PBXFileReference; lastKnownFileType = sourcecode.c.objc; path = D_CategoryTests.m; sourceTree = "<group>"; };
		2F0F9075236FF1650091E3FD /* Info.plist */ = {isa = PBXFileReference; lastKnownFileType = text.plist.xml; path = Info.plist; sourceTree = "<group>"; };
		2F0F907A236FF1650091E3FD /* D_CategoryUITests.xctest */ = {isa = PBXFileReference; explicitFileType = wrapper.cfbundle; includeInIndex = 0; path = D_CategoryUITests.xctest; sourceTree = BUILT_PRODUCTS_DIR; };
		2F0F907E236FF1650091E3FD /* D_CategoryUITests.m */ = {isa = PBXFileReference; lastKnownFileType = sourcecode.c.objc; path = D_CategoryUITests.m; sourceTree = "<group>"; };
		2F0F9080236FF1650091E3FD /* Info.plist */ = {isa = PBXFileReference; lastKnownFileType = text.plist.xml; path = Info.plist; sourceTree = "<group>"; };
		2F0F908D236FF2D00091E3FD /* CTMediator+B.h */ = {isa = PBXFileReference; fileEncoding = 4; lastKnownFileType = sourcecode.c.h; path = "CTMediator+B.h"; sourceTree = "<group>"; };
		2F0F908E236FF2D00091E3FD /* CTMediator+B.m */ = {isa = PBXFileReference; fileEncoding = 4; lastKnownFileType = sourcecode.c.objc; path = "CTMediator+B.m"; sourceTree = "<group>"; };
		3DAF8BF4B1AE6302A5B2E97C /* Pods-D_Category.debug.xcconfig */ = {isa = PBXFileReference; includeInIndex = 1; lastKnownFileType = text.xcconfig; name = "Pods-D_Category.debug.xcconfig"; path = "Target Support Files/Pods-D_Category/Pods-D_Category.debug.xcconfig"; sourceTree = "<group>"; };
		4808A5BB7087AB48FB2E0818 /* Pods_D_Category.framework */ = {isa = PBXFileReference; explicitFileType = wrapper.framework; includeInIndex = 0; path = Pods_D_Category.framework; sourceTree = BUILT_PRODUCTS_DIR; };
		91122AC4CB7C67420D14CD57 /* Pods-D_Category.release.xcconfig */ = {isa = PBXFileReference; includeInIndex = 1; lastKnownFileType = text.xcconfig; name = "Pods-D_Category.release.xcconfig"; path = "Target Support Files/Pods-D_Category/Pods-D_Category.release.xcconfig"; sourceTree = "<group>"; };
/* End PBXFileReference section */

/* Begin PBXFrameworksBuildPhase section */
		2F0F9051236FF1640091E3FD /* Frameworks */ = {
			isa = PBXFrameworksBuildPhase;
			buildActionMask = 2147483647;
			files = (
				C2311D8A1B0D11FF280326B6 /* Pods_D_Category.framework in Frameworks */,
			);
			runOnlyForDeploymentPostprocessing = 0;
		};
		2F0F906C236FF1650091E3FD /* Frameworks */ = {
			isa = PBXFrameworksBuildPhase;
			buildActionMask = 2147483647;
			files = (
			);
			runOnlyForDeploymentPostprocessing = 0;
		};
		2F0F9077236FF1650091E3FD /* Frameworks */ = {
			isa = PBXFrameworksBuildPhase;
			buildActionMask = 2147483647;
			files = (
			);
			runOnlyForDeploymentPostprocessing = 0;
		};
/* End PBXFrameworksBuildPhase section */

/* Begin PBXGroup section */
		2F0F904B236FF1640091E3FD = {
			isa = PBXGroup;
			children = (
				2F0F9056236FF1640091E3FD /* D_Category */,
				2F0F9072236FF1650091E3FD /* D_CategoryTests */,
				2F0F907D236FF1650091E3FD /* D_CategoryUITests */,
				2F0F9055236FF1640091E3FD /* Products */,
				5CB1DF6F403FB1E6E5C65721 /* Pods */,
				8C3928A0C062C6200C7C50D7 /* Frameworks */,
			);
			sourceTree = "<group>";
		};
		2F0F9055236FF1640091E3FD /* Products */ = {
			isa = PBXGroup;
			children = (
				2F0F9054236FF1640091E3FD /* D_Category.app */,
				2F0F906F236FF1650091E3FD /* D_CategoryTests.xctest */,
				2F0F907A236FF1650091E3FD /* D_CategoryUITests.xctest */,
			);
			name = Products;
			sourceTree = "<group>";
		};
		2F0F9056236FF1640091E3FD /* D_Category */ = {
			isa = PBXGroup;
			children = (
				2F0F9057236FF1640091E3FD /* AppDelegate.h */,
				2F0F9058236FF1640091E3FD /* AppDelegate.m */,
				2F0F905A236FF1640091E3FD /* SceneDelegate.h */,
				2F0F905B236FF1640091E3FD /* SceneDelegate.m */,
				2F0F908C236FF2BA0091E3FD /* D_Category */,
				2F0F905D236FF1640091E3FD /* ViewController.h */,
				2F0F905E236FF1640091E3FD /* ViewController.m */,
				2F0F9060236FF1640091E3FD /* Main.storyboard */,
				2F0F9063236FF1650091E3FD /* Assets.xcassets */,
				2F0F9065236FF1650091E3FD /* LaunchScreen.storyboard */,
				2F0F9068236FF1650091E3FD /* Info.plist */,
				2F0F9069236FF1650091E3FD /* main.m */,
			);
			path = D_Category;
			sourceTree = "<group>";
		};
		2F0F9072236FF1650091E3FD /* D_CategoryTests */ = {
			isa = PBXGroup;
			children = (
				2F0F9073236FF1650091E3FD /* D_CategoryTests.m */,
				2F0F9075236FF1650091E3FD /* Info.plist */,
			);
			path = D_CategoryTests;
			sourceTree = "<group>";
		};
		2F0F907D236FF1650091E3FD /* D_CategoryUITests */ = {
			isa = PBXGroup;
			children = (
				2F0F907E236FF1650091E3FD /* D_CategoryUITests.m */,
				2F0F9080236FF1650091E3FD /* Info.plist */,
			);
			path = D_CategoryUITests;
			sourceTree = "<group>";
		};
		2F0F908C236FF2BA0091E3FD /* D_Category */ = {
			isa = PBXGroup;
			children = (
				2F0F908D236FF2D00091E3FD /* CTMediator+B.h */,
				2F0F908E236FF2D00091E3FD /* CTMediator+B.m */,
			);
			path = D_Category;
			sourceTree = "<group>";
		};
		5CB1DF6F403FB1E6E5C65721 /* Pods */ = {
			isa = PBXGroup;
			children = (
				3DAF8BF4B1AE6302A5B2E97C /* Pods-D_Category.debug.xcconfig */,
				91122AC4CB7C67420D14CD57 /* Pods-D_Category.release.xcconfig */,
			);
			path = Pods;
			sourceTree = "<group>";
		};
		8C3928A0C062C6200C7C50D7 /* Frameworks */ = {
			isa = PBXGroup;
			children = (
				4808A5BB7087AB48FB2E0818 /* Pods_D_Category.framework */,
			);
			name = Frameworks;
			sourceTree = "<group>";
		};
/* End PBXGroup section */

/* Begin PBXNativeTarget section */
		2F0F9053236FF1640091E3FD /* D_Category */ = {
			isa = PBXNativeTarget;
			buildConfigurationList = 2F0F9083236FF1650091E3FD /* Build configuration list for PBXNativeTarget "D_Category" */;
			buildPhases = (
				1F95380242A72FD4B7DB2D96 /* [CP] Check Pods Manifest.lock */,
				2F0F9050236FF1640091E3FD /* Sources */,
				2F0F9051236FF1640091E3FD /* Frameworks */,
				2F0F9052236FF1640091E3FD /* Resources */,
				FB9C0C4FB883F325E21D6890 /* [CP] Embed Pods Frameworks */,
			);
			buildRules = (
			);
			dependencies = (
			);
			name = D_Category;
			productName = D_Category;
			productReference = 2F0F9054236FF1640091E3FD /* D_Category.app */;
			productType = "com.apple.product-type.application";
		};
		2F0F906E236FF1650091E3FD /* D_CategoryTests */ = {
			isa = PBXNativeTarget;
			buildConfigurationList = 2F0F9086236FF1650091E3FD /* Build configuration list for PBXNativeTarget "D_CategoryTests" */;
			buildPhases = (
				2F0F906B236FF1650091E3FD /* Sources */,
				2F0F906C236FF1650091E3FD /* Frameworks */,
				2F0F906D236FF1650091E3FD /* Resources */,
			);
			buildRules = (
			);
			dependencies = (
				2F0F9071236FF1650091E3FD /* PBXTargetDependency */,
			);
			name = D_CategoryTests;
			productName = D_CategoryTests;
			productReference = 2F0F906F236FF1650091E3FD /* D_CategoryTests.xctest */;
			productType = "com.apple.product-type.bundle.unit-test";
		};
		2F0F9079236FF1650091E3FD /* D_CategoryUITests */ = {
			isa = PBXNativeTarget;
			buildConfigurationList = 2F0F9089236FF1650091E3FD /* Build configuration list for PBXNativeTarget "D_CategoryUITests" */;
			buildPhases = (
				2F0F9076236FF1650091E3FD /* Sources */,
				2F0F9077236FF1650091E3FD /* Frameworks */,
				2F0F9078236FF1650091E3FD /* Resources */,
			);
			buildRules = (
			);
			dependencies = (
				2F0F907C236FF1650091E3FD /* PBXTargetDependency */,
			);
			name = D_CategoryUITests;
			productName = D_CategoryUITests;
			productReference = 2F0F907A236FF1650091E3FD /* D_CategoryUITests.xctest */;
			productType = "com.apple.product-type.bundle.ui-testing";
		};
/* End PBXNativeTarget section */

/* Begin PBXProject section */
		2F0F904C236FF1640091E3FD /* Project object */ = {
			isa = PBXProject;
			attributes = {
				LastUpgradeCheck = 1110;
				ORGANIZATIONNAME = xdw;
				TargetAttributes = {
					2F0F9053236FF1640091E3FD = {
						CreatedOnToolsVersion = 11.1;
					};
					2F0F906E236FF1650091E3FD = {
						CreatedOnToolsVersion = 11.1;
						TestTargetID = 2F0F9053236FF1640091E3FD;
					};
					2F0F9079236FF1650091E3FD = {
						CreatedOnToolsVersion = 11.1;
						TestTargetID = 2F0F9053236FF1640091E3FD;
					};
				};
			};
			buildConfigurationList = 2F0F904F236FF1640091E3FD /* Build configuration list for PBXProject "D_Category" */;
			compatibilityVersion = "Xcode 9.3";
			developmentRegion = en;
			hasScannedForEncodings = 0;
			knownRegions = (
				en,
				Base,
			);
			mainGroup = 2F0F904B236FF1640091E3FD;
			productRefGroup = 2F0F9055236FF1640091E3FD /* Products */;
			projectDirPath = "";
			projectRoot = "";
			targets = (
				2F0F9053236FF1640091E3FD /* D_Category */,
				2F0F906E236FF1650091E3FD /* D_CategoryTests */,
				2F0F9079236FF1650091E3FD /* D_CategoryUITests */,
			);
		};
/* End PBXProject section */

/* Begin PBXResourcesBuildPhase section */
		2F0F9052236FF1640091E3FD /* Resources */ = {
			isa = PBXResourcesBuildPhase;
			buildActionMask = 2147483647;
			files = (
				2F0F9067236FF1650091E3FD /* LaunchScreen.storyboard in Resources */,
				2F0F9064236FF1650091E3FD /* Assets.xcassets in Resources */,
				2F0F9062236FF1640091E3FD /* Main.storyboard in Resources */,
			);
			runOnlyForDeploymentPostprocessing = 0;
		};
		2F0F906D236FF1650091E3FD /* Resources */ = {
			isa = PBXResourcesBuildPhase;
			buildActionMask = 2147483647;
			files = (
			);
			runOnlyForDeploymentPostprocessing = 0;
		};
		2F0F9078236FF1650091E3FD /* Resources */ = {
			isa = PBXResourcesBuildPhase;
			buildActionMask = 2147483647;
			files = (
			);
			runOnlyForDeploymentPostprocessing = 0;
		};
/* End PBXResourcesBuildPhase section */

/* Begin PBXShellScriptBuildPhase section */
		1F95380242A72FD4B7DB2D96 /* [CP] Check Pods Manifest.lock */ = {
			isa = PBXShellScriptBuildPhase;
			buildActionMask = 2147483647;
			files = (
			);
			inputFileListPaths = (
			);
			inputPaths = (
				"${PODS_PODFILE_DIR_PATH}/Podfile.lock",
				"${PODS_ROOT}/Manifest.lock",
			);
			name = "[CP] Check Pods Manifest.lock";
			outputFileListPaths = (
			);
			outputPaths = (
				"$(DERIVED_FILE_DIR)/Pods-D_Category-checkManifestLockResult.txt",
			);
			runOnlyForDeploymentPostprocessing = 0;
			shellPath = /bin/sh;
			shellScript = "diff \"${PODS_PODFILE_DIR_PATH}/Podfile.lock\" \"${PODS_ROOT}/Manifest.lock\" > /dev/null\nif [ $? != 0 ] ; then\n    # print error to STDERR\n    echo \"error: The sandbox is not in sync with the Podfile.lock. Run 'pod install' or update your CocoaPods installation.\" >&2\n    exit 1\nfi\n# This output is used by Xcode 'outputs' to avoid re-running this script phase.\necho \"SUCCESS\" > \"${SCRIPT_OUTPUT_FILE_0}\"\n";
			showEnvVarsInLog = 0;
		};
		FB9C0C4FB883F325E21D6890 /* [CP] Embed Pods Frameworks */ = {
			isa = PBXShellScriptBuildPhase;
			buildActionMask = 2147483647;
			files = (
			);
			inputFileListPaths = (
				"${PODS_ROOT}/Target Support Files/Pods-D_Category/Pods-D_Category-frameworks-${CONFIGURATION}-input-files.xcfilelist",
			);
			name = "[CP] Embed Pods Frameworks";
			outputFileListPaths = (
				"${PODS_ROOT}/Target Support Files/Pods-D_Category/Pods-D_Category-frameworks-${CONFIGURATION}-output-files.xcfilelist",
			);
			runOnlyForDeploymentPostprocessing = 0;
			shellPath = /bin/sh;
			shellScript = "\"${PODS_ROOT}/Target Support Files/Pods-D_Category/Pods-D_Category-frameworks.sh\"\n";
			showEnvVarsInLog = 0;
		};
/* End PBXShellScriptBuildPhase section */

/* Begin PBXSourcesBuildPhase section */
		2F0F9050236FF1640091E3FD /* Sources */ = {
			isa = PBXSourcesBuildPhase;
			buildActionMask = 2147483647;
			files = (
				2F0F905F236FF1640091E3FD /* ViewController.m in Sources */,
				2F0F9059236FF1640091E3FD /* AppDelegate.m in Sources */,
				2F0F906A236FF1650091E3FD /* main.m in Sources */,
				2F0F905C236FF1640091E3FD /* SceneDelegate.m in Sources */,
				2F0F908F236FF2D00091E3FD /* CTMediator+B.m in Sources */,
			);
			runOnlyForDeploymentPostprocessing = 0;
		};
		2F0F906B236FF1650091E3FD /* Sources */ = {
			isa = PBXSourcesBuildPhase;
			buildActionMask = 2147483647;
			files = (
				2F0F9074236FF1650091E3FD /* D_CategoryTests.m in Sources */,
			);
			runOnlyForDeploymentPostprocessing = 0;
		};
		2F0F9076236FF1650091E3FD /* Sources */ = {
			isa = PBXSourcesBuildPhase;
			buildActionMask = 2147483647;
			files = (
				2F0F907F236FF1650091E3FD /* D_CategoryUITests.m in Sources */,
			);
			runOnlyForDeploymentPostprocessing = 0;
		};
/* End PBXSourcesBuildPhase section */

/* Begin PBXTargetDependency section */
		2F0F9071236FF1650091E3FD /* PBXTargetDependency */ = {
			isa = PBXTargetDependency;
			target = 2F0F9053236FF1640091E3FD /* D_Category */;
			targetProxy = 2F0F9070236FF1650091E3FD /* PBXContainerItemProxy */;
		};
		2F0F907C236FF1650091E3FD /* PBXTargetDependency */ = {
			isa = PBXTargetDependency;
			target = 2F0F9053236FF1640091E3FD /* D_Category */;
			targetProxy = 2F0F907B236FF1650091E3FD /* PBXContainerItemProxy */;
		};
/* End PBXTargetDependency section */

/* Begin PBXVariantGroup section */
		2F0F9060236FF1640091E3FD /* Main.storyboard */ = {
			isa = PBXVariantGroup;
			children = (
				2F0F9061236FF1640091E3FD /* Base */,
			);
			name = Main.storyboard;
			sourceTree = "<group>";
		};
		2F0F9065236FF1650091E3FD /* LaunchScreen.storyboard */ = {
			isa = PBXVariantGroup;
			children = (
				2F0F9066236FF1650091E3FD /* Base */,
			);
			name = LaunchScreen.storyboard;
			sourceTree = "<group>";
		};
/* End PBXVariantGroup section */

/* Begin XCBuildConfiguration section */
		2F0F9081236FF1650091E3FD /* Debug */ = {
			isa = XCBuildConfiguration;
			buildSettings = {
				ALWAYS_SEARCH_USER_PATHS = NO;
				CLANG_ANALYZER_NONNULL = YES;
				CLANG_ANALYZER_NUMBER_OBJECT_CONVERSION = YES_AGGRESSIVE;
				CLANG_CXX_LANGUAGE_STANDARD = "gnu++14";
				CLANG_CXX_LIBRARY = "libc++";
				CLANG_ENABLE_MODULES = YES;
				CLANG_ENABLE_OBJC_ARC = YES;
				CLANG_ENABLE_OBJC_WEAK = YES;
				CLANG_WARN_BLOCK_CAPTURE_AUTORELEASING = YES;
				CLANG_WARN_BOOL_CONVERSION = YES;
				CLANG_WARN_COMMA = YES;
				CLANG_WARN_CONSTANT_CONVERSION = YES;
				CLANG_WARN_DEPRECATED_OBJC_IMPLEMENTATIONS = YES;
				CLANG_WARN_DIRECT_OBJC_ISA_USAGE = YES_ERROR;
				CLANG_WARN_DOCUMENTATION_COMMENTS = YES;
				CLANG_WARN_EMPTY_BODY = YES;
				CLANG_WARN_ENUM_CONVERSION = YES;
				CLANG_WARN_INFINITE_RECURSION = YES;
				CLANG_WARN_INT_CONVERSION = YES;
				CLANG_WARN_NON_LITERAL_NULL_CONVERSION = YES;
				CLANG_WARN_OBJC_IMPLICIT_RETAIN_SELF = YES;
				CLANG_WARN_OBJC_LITERAL_CONVERSION = YES;
				CLANG_WARN_OBJC_ROOT_CLASS = YES_ERROR;
				CLANG_WARN_RANGE_LOOP_ANALYSIS = YES;
				CLANG_WARN_STRICT_PROTOTYPES = YES;
				CLANG_WARN_SUSPICIOUS_MOVE = YES;
				CLANG_WARN_UNGUARDED_AVAILABILITY = YES_AGGRESSIVE;
				CLANG_WARN_UNREACHABLE_CODE = YES;
				CLANG_WARN__DUPLICATE_METHOD_MATCH = YES;
				COPY_PHASE_STRIP = NO;
				DEBUG_INFORMATION_FORMAT = dwarf;
				ENABLE_STRICT_OBJC_MSGSEND = YES;
				ENABLE_TESTABILITY = YES;
				GCC_C_LANGUAGE_STANDARD = gnu11;
				GCC_DYNAMIC_NO_PIC = NO;
				GCC_NO_COMMON_BLOCKS = YES;
				GCC_OPTIMIZATION_LEVEL = 0;
				GCC_PREPROCESSOR_DEFINITIONS = (
					"DEBUG=1",
					"$(inherited)",
				);
				GCC_WARN_64_TO_32_BIT_CONVERSION = YES;
				GCC_WARN_ABOUT_RETURN_TYPE = YES_ERROR;
				GCC_WARN_UNDECLARED_SELECTOR = YES;
				GCC_WARN_UNINITIALIZED_AUTOS = YES_AGGRESSIVE;
				GCC_WARN_UNUSED_FUNCTION = YES;
				GCC_WARN_UNUSED_VARIABLE = YES;
				IPHONEOS_DEPLOYMENT_TARGET = 13.1;
				MTL_ENABLE_DEBUG_INFO = INCLUDE_SOURCE;
				MTL_FAST_MATH = YES;
				ONLY_ACTIVE_ARCH = YES;
				SDKROOT = iphoneos;
			};
			name = Debug;
		};
		2F0F9082236FF1650091E3FD /* Release */ = {
			isa = XCBuildConfiguration;
			buildSettings = {
				ALWAYS_SEARCH_USER_PATHS = NO;
				CLANG_ANALYZER_NONNULL = YES;
				CLANG_ANALYZER_NUMBER_OBJECT_CONVERSION = YES_AGGRESSIVE;
				CLANG_CXX_LANGUAGE_STANDARD = "gnu++14";
				CLANG_CXX_LIBRARY = "libc++";
				CLANG_ENABLE_MODULES = YES;
				CLANG_ENABLE_OBJC_ARC = YES;
				CLANG_ENABLE_OBJC_WEAK = YES;
				CLANG_WARN_BLOCK_CAPTURE_AUTORELEASING = YES;
				CLANG_WARN_BOOL_CONVERSION = YES;
				CLANG_WARN_COMMA = YES;
				CLANG_WARN_CONSTANT_CONVERSION = YES;
				CLANG_WARN_DEPRECATED_OBJC_IMPLEMENTATIONS = YES;
				CLANG_WARN_DIRECT_OBJC_ISA_USAGE = YES_ERROR;
				CLANG_WARN_DOCUMENTATION_COMMENTS = YES;
				CLANG_WARN_EMPTY_BODY = YES;
				CLANG_WARN_ENUM_CONVERSION = YES;
				CLANG_WARN_INFINITE_RECURSION = YES;
				CLANG_WARN_INT_CONVERSION = YES;
				CLANG_WARN_NON_LITERAL_NULL_CONVERSION = YES;
				CLANG_WARN_OBJC_IMPLICIT_RETAIN_SELF = YES;
				CLANG_WARN_OBJC_LITERAL_CONVERSION = YES;
				CLANG_WARN_OBJC_ROOT_CLASS = YES_ERROR;
				CLANG_WARN_RANGE_LOOP_ANALYSIS = YES;
				CLANG_WARN_STRICT_PROTOTYPES = YES;
				CLANG_WARN_SUSPICIOUS_MOVE = YES;
				CLANG_WARN_UNGUARDED_AVAILABILITY = YES_AGGRESSIVE;
				CLANG_WARN_UNREACHABLE_CODE = YES;
				CLANG_WARN__DUPLICATE_METHOD_MATCH = YES;
				COPY_PHASE_STRIP = NO;
				DEBUG_INFORMATION_FORMAT = "dwarf-with-dsym";
				ENABLE_NS_ASSERTIONS = NO;
				ENABLE_STRICT_OBJC_MSGSEND = YES;
				GCC_C_LANGUAGE_STANDARD = gnu11;
				GCC_NO_COMMON_BLOCKS = YES;
				GCC_WARN_64_TO_32_BIT_CONVERSION = YES;
				GCC_WARN_ABOUT_RETURN_TYPE = YES_ERROR;
				GCC_WARN_UNDECLARED_SELECTOR = YES;
				GCC_WARN_UNINITIALIZED_AUTOS = YES_AGGRESSIVE;
				GCC_WARN_UNUSED_FUNCTION = YES;
				GCC_WARN_UNUSED_VARIABLE = YES;
				IPHONEOS_DEPLOYMENT_TARGET = 13.1;
				MTL_ENABLE_DEBUG_INFO = NO;
				MTL_FAST_MATH = YES;
				SDKROOT = iphoneos;
				VALIDATE_PRODUCT = YES;
			};
			name = Release;
		};
		2F0F9084236FF1650091E3FD /* Debug */ = {
			isa = XCBuildConfiguration;
			baseConfigurationReference = 3DAF8BF4B1AE6302A5B2E97C /* Pods-D_Category.debug.xcconfig */;
			buildSettings = {
				ASSETCATALOG_COMPILER_APPICON_NAME = AppIcon;
				CODE_SIGN_STYLE = Automatic;
				DEVELOPMENT_TEAM = 9X984HZGN8;
				INFOPLIST_FILE = D_Category/Info.plist;
				LD_RUNPATH_SEARCH_PATHS = (
					"$(inherited)",
					"@executable_path/Frameworks",
				);
				PRODUCT_BUNDLE_IDENTIFIER = "tk.D-Category";
				PRODUCT_NAME = "$(TARGET_NAME)";
				TARGETED_DEVICE_FAMILY = "1,2";
			};
			name = Debug;
		};
		2F0F9085236FF1650091E3FD /* Release */ = {
			isa = XCBuildConfiguration;
			baseConfigurationReference = 91122AC4CB7C67420D14CD57 /* Pods-D_Category.release.xcconfig */;
			buildSettings = {
				ASSETCATALOG_COMPILER_APPICON_NAME = AppIcon;
				CODE_SIGN_STYLE = Automatic;
				DEVELOPMENT_TEAM = 9X984HZGN8;
				INFOPLIST_FILE = D_Category/Info.plist;
				LD_RUNPATH_SEARCH_PATHS = (
					"$(inherited)",
					"@executable_path/Frameworks",
				);
				PRODUCT_BUNDLE_IDENTIFIER = "tk.D-Category";
				PRODUCT_NAME = "$(TARGET_NAME)";
				TARGETED_DEVICE_FAMILY = "1,2";
			};
			name = Release;
		};
		2F0F9087236FF1650091E3FD /* Debug */ = {
			isa = XCBuildConfiguration;
			buildSettings = {
				BUNDLE_LOADER = "$(TEST_HOST)";
				CODE_SIGN_STYLE = Automatic;
				DEVELOPMENT_TEAM = 9X984HZGN8;
				INFOPLIST_FILE = D_CategoryTests/Info.plist;
				IPHONEOS_DEPLOYMENT_TARGET = 13.1;
				LD_RUNPATH_SEARCH_PATHS = (
					"$(inherited)",
					"@executable_path/Frameworks",
					"@loader_path/Frameworks",
				);
				PRODUCT_BUNDLE_IDENTIFIER = "tk.D-CategoryTests";
				PRODUCT_NAME = "$(TARGET_NAME)";
				TARGETED_DEVICE_FAMILY = "1,2";
				TEST_HOST = "$(BUILT_PRODUCTS_DIR)/D_Category.app/D_Category";
			};
			name = Debug;
		};
		2F0F9088236FF1650091E3FD /* Release */ = {
			isa = XCBuildConfiguration;
			buildSettings = {
				BUNDLE_LOADER = "$(TEST_HOST)";
				CODE_SIGN_STYLE = Automatic;
				DEVELOPMENT_TEAM = 9X984HZGN8;
				INFOPLIST_FILE = D_CategoryTests/Info.plist;
				IPHONEOS_DEPLOYMENT_TARGET = 13.1;
				LD_RUNPATH_SEARCH_PATHS = (
					"$(inherited)",
					"@executable_path/Frameworks",
					"@loader_path/Frameworks",
				);
				PRODUCT_BUNDLE_IDENTIFIER = "tk.D-CategoryTests";
				PRODUCT_NAME = "$(TARGET_NAME)";
				TARGETED_DEVICE_FAMILY = "1,2";
				TEST_HOST = "$(BUILT_PRODUCTS_DIR)/D_Category.app/D_Category";
			};
			name = Release;
		};
		2F0F908A236FF1650091E3FD /* Debug */ = {
			isa = XCBuildConfiguration;
			buildSettings = {
				CODE_SIGN_STYLE = Automatic;
				DEVELOPMENT_TEAM = 9X984HZGN8;
				INFOPLIST_FILE = D_CategoryUITests/Info.plist;
				LD_RUNPATH_SEARCH_PATHS = (
					"$(inherited)",
					"@executable_path/Frameworks",
					"@loader_path/Frameworks",
				);
				PRODUCT_BUNDLE_IDENTIFIER = "tk.D-CategoryUITests";
				PRODUCT_NAME = "$(TARGET_NAME)";
				TARGETED_DEVICE_FAMILY = "1,2";
				TEST_TARGET_NAME = D_Category;
			};
			name = Debug;
		};
		2F0F908B236FF1650091E3FD /* Release */ = {
			isa = XCBuildConfiguration;
			buildSettings = {
				CODE_SIGN_STYLE = Automatic;
				DEVELOPMENT_TEAM = 9X984HZGN8;
				INFOPLIST_FILE = D_CategoryUITests/Info.plist;
				LD_RUNPATH_SEARCH_PATHS = (
					"$(inherited)",
					"@executable_path/Frameworks",
					"@loader_path/Frameworks",
				);
				PRODUCT_BUNDLE_IDENTIFIER = "tk.D-CategoryUITests";
				PRODUCT_NAME = "$(TARGET_NAME)";
				TARGETED_DEVICE_FAMILY = "1,2";
				TEST_TARGET_NAME = D_Category;
			};
			name = Release;
		};
/* End XCBuildConfiguration section */

/* Begin XCConfigurationList section */
		2F0F904F236FF1640091E3FD /* Build configuration list for PBXProject "D_Category" */ = {
			isa = XCConfigurationList;
			buildConfigurations = (
				2F0F9081236FF1650091E3FD /* Debug */,
				2F0F9082236FF1650091E3FD /* Release */,
			);
			defaultConfigurationIsVisible = 0;
			defaultConfigurationName = Release;
		};
		2F0F9083236FF1650091E3FD /* Build configuration list for PBXNativeTarget "D_Category" */ = {
			isa = XCConfigurationList;
			buildConfigurations = (
				2F0F9084236FF1650091E3FD /* Debug */,
				2F0F9085236FF1650091E3FD /* Release */,
			);
			defaultConfigurationIsVisible = 0;
			defaultConfigurationName = Release;
		};
		2F0F9086236FF1650091E3FD /* Build configuration list for PBXNativeTarget "D_CategoryTests" */ = {
			isa = XCConfigurationList;
			buildConfigurations = (
				2F0F9087236FF1650091E3FD /* Debug */,
				2F0F9088236FF1650091E3FD /* Release */,
			);
			defaultConfigurationIsVisible = 0;
			defaultConfigurationName = Release;
		};
		2F0F9089236FF1650091E3FD /* Build configuration list for PBXNativeTarget "D_CategoryUITests" */ = {
			isa = XCConfigurationList;
			buildConfigurations = (
				2F0F908A236FF1650091E3FD /* Debug */,
				2F0F908B236FF1650091E3FD /* Release */,
			);
			defaultConfigurationIsVisible = 0;
			defaultConfigurationName = Release;
		};
/* End XCConfigurationList section */
	};
	rootObject = 2F0F904C236FF1640091E3FD /* Project object */;
}
